
Microsoft Visual Studio Solution File, Format Version 12.00
# Visual Studio Version 17
VisualStudioVersion = 17.0.31919.166
MinimumVisualStudioVersion = 10.0.40219.1
Project("{FAE04EC0-301F-11D3-BF4B-00C04F79EFBC}") = "Cinema", "Cinema\Cinema.csproj", "{932177B5-D479-45BE-9884-D45E14C5853B}"
EndProject
Global
	GlobalSection(SolutionConfigurationPlatforms) = preSolution
		Debug|Any CPU = Debug|Any CPU
		Release|Any CPU = Release|Any CPU
	EndGlobalSection
	GlobalSection(ProjectConfigurationPlatforms) = postSolution
		{932177B5-D479-45BE-9884-D45E14C5853B}.Debug|Any CPU.ActiveCfg = Debug|Any CPU
		{932177B5-D479-45BE-9884-D45E14C5853B}.Debug|Any CPU.Build.0 = Debug|Any CPU
		{932177B5-D479-45BE-9884-D45E14C5853B}.Release|Any CPU.ActiveCfg = Release|Any CPU
		{932177B5-D479-45BE-9884-D45E14C5853B}.Release|Any CPU.Build.0 = Release|Any CPU
	EndGlobalSection
	GlobalSection(SolutionProperties) = preSolution
		HideSolutionNode = FALSE
	EndGlobalSection
	GlobalSection(ExtensibilityGlobals) = postSolution
		SolutionGuid = {E5B86C6A-5F9A-4B9B-A8FE-2ACFAE2E445E}
	EndGlobalSection
EndGlobal
